<?xml version="1.0" encoding="utf-8"?>
<Project ToolsVersion="4.0" xmlns="http://schemas.microsoft.com/developer/msbuild/2003">
  <ItemGroup>
    <Filter Include="Source Files">
      <UniqueIdentifier>{72E929DD-085D-4d05-87AF-B1B7786BA00C}</UniqueIdentifier>
      <Extensions>cpp;c;cc;cxx;def;odl;idl;hpj;bat;asm;asmx</Extensions>
    </Filter>
    <Filter Include="Header Files">
      <UniqueIdentifier>{D4B40E3B-0EB5-47ad-B899-0189DAA5BC7D}</UniqueIdentifier>
      <Extensions>h;hpp;hxx;hm;inl;inc;xsd</Extensions>
    </Filter>
    <Filter Include="Resource Files">
      <UniqueIdentifier>{2F53C1CC-5DB2-4e01-82C7-8F0372988AB7}</UniqueIdentifier>
      <Extensions>rc;ico;cur;bmp;dlg;rc2;rct;bin;rgs;gif;jpg;jpeg;jpe;resx;tiff;tif;png;wav</Extensions>
    </Filter>
  </ItemGroup>
  <ItemGroup>
    <ClCompile Include="config.cpp">
      <Filter>Source Files</Filter>
    </ClCompile>
    <ClCompile Include="connection.cpp">
      <Filter>Source Files</Filter>
    </ClCompile>
    <ClCompile Include="connectionmanager.cpp">
      <Filter>Source Files</Filter>
    </ClCompile>
    <ClCompile Include="file.cpp">
      <Filter>Source Files</Filter>
    </ClCompile>
    <ClCompile Include="fstreamptr.cpp">
      <Filter>Source Files</Filter>
    </ClCompile>
    <ClCompile Include="hog.cpp">
      <Filter>Source Files</Filter>
    </ClCompile>
    <ClCompile Include="hogmanager.cpp">
      <Filter>Source Files</Filter>
    </ClCompile>
    <ClCompile Include="log.cpp">
      <Filter>Source Files</Filter>
    </ClCompile>
    <ClCompile Include="log_driver.cpp">
      <Filter>Source Files</Filter>
    </ClCompile>
    <ClCompile Include="log_driver_file.cpp">
      <Filter>Source Files</Filter>
    </ClCompile>
    <ClCompile Include="log_driver_raw.cpp">
      <Filter>Source Files</Filter>
    </ClCompile>
    <ClCompile Include="main.cpp">
      <Filter>Source Files</Filter>
    </ClCompile>
    <ClCompile Include="math.cpp">
      <Filter>Source Files</Filter>
    </ClCompile>
    <ClCompile Include="mission.cpp">
      <Filter>Source Files</Filter>
    </ClCompile>
    <ClCompile Include="missionmanager.cpp">
      <Filter>Source Files</Filter>
    </ClCompile>
    <ClCompile Include="packets.cpp">
      <Filter>Source Files</Filter>
    </ClCompile>
    <ClCompile Include="rdl.cpp">
      <Filter>Source Files</Filter>
    </ClCompile>
    <ClCompile Include="test.cpp">
      <Filter>Source Files</Filter>
    </ClCompile>
    <ClCompile Include="test_hog.cpp">
      <Filter>Source Files</Filter>
    </ClCompile>
    <ClCompile Include="test_main.cpp">
      <Filter>Source Files</Filter>
    </ClCompile>
    <ClCompile Include="testbase.cpp">
      <Filter>Source Files</Filter>
    </ClCompile>
    <ClCompile Include="testManager.cpp">
      <Filter>Source Files</Filter>
    </ClCompile>
    <ClCompile Include="xml.cpp">
      <Filter>Source Files</Filter>
    </ClCompile>
  </ItemGroup>
  <ItemGroup>
    <ClInclude Include="config.h">
      <Filter>Header Files</Filter>
    </ClInclude>
    <ClInclude Include="connection.h">
      <Filter>Header Files</Filter>
    </ClInclude>
    <ClInclude Include="connectionmanager.h">
      <Filter>Header Files</Filter>
    </ClInclude>
    <ClInclude Include="defaults.h">
      <Filter>Header Files</Filter>
    </ClInclude>
    <ClInclude Include="file.h">
      <Filter>Header Files</Filter>
    </ClInclude>
    <ClInclude Include="fstreamptr.h">
      <Filter>Header Files</Filter>
    </ClInclude>
    <ClInclude Include="hog.h">
      <Filter>Header Files</Filter>
    </ClInclude>
    <ClInclude Include="hogmanager.h">
      <Filter>Header Files</Filter>
    </ClInclude>
    <ClInclude Include="log.h">
      <Filter>Header Files</Filter>
    </ClInclude>
    <ClInclude Include="log_driver.h">
      <Filter>Header Files</Filter>
    </ClInclude>
    <ClInclude Include="log_driver_file.h">
      <Filter>Header Files</Filter>
    </ClInclude>
    <ClInclude Include="log_driver_raw.h">
      <Filter>Header Files</Filter>
    </ClInclude>
    <ClInclude Include="main.h">
      <Filter>Header Files</Filter>
    </ClInclude>
    <ClInclude Include="math.h">
      <Filter>Header Files</Filter>
    </ClInclude>
    <ClInclude Include="mission.h">
      <Filter>Header Files</Filter>
    </ClInclude>
    <ClInclude Include="missionmanager.h">
      <Filter>Header Files</Filter>
    </ClInclude>
    <ClInclude Include="packets.h">
      <Filter>Header Files</Filter>
    </ClInclude>
    <ClInclude Include="rdl.h">
      <Filter>Header Files</Filter>
    </ClInclude>
    <ClInclude Include="test.h">
      <Filter>Header Files</Filter>
    </ClInclude>
    <ClInclude Include="test_hog.h">
      <Filter>Header Files</Filter>
    </ClInclude>
    <ClInclude Include="test_main.h">
      <Filter>Header Files</Filter>
    </ClInclude>
    <ClInclude Include="testbase.h">
      <Filter>Header Files</Filter>
    </ClInclude>
    <ClInclude Include="testManager.h">
      <Filter>Header Files</Filter>
    </ClInclude>
    <ClInclude Include="xml.h">
      <Filter>Header Files</Filter>
    </ClInclude>
  </ItemGroup>
</Project>